{
  "requires": true,
  "lockfileVersion": 1,
  "dependencies": {
    "now": {
      "version": "16.6.3",
      "resolved": "https://registry.npmjs.org/now/-/now-16.6.3.tgz",
      "integrity": "sha512-bNAaQUL+ggTfpzsO6WxqCvEAz8sbm/2mI2OxJIsVq+v4cRPpH09z8+4EQeP6cfWll2ospH1UFxW2wF+9EaEFKA=="
    }
  }
}
